
Microsoft Visual Studio Solution File, Format Version 12.00
Project("{FAE04EC0-301F-11D3-BF4B-00C04F79EFBC}") = "CodeREDApp", "CodeREDApp.csproj", "{C345BF99-59C2-49E8-9CE3-545A0DACF318}"
EndProject
Global
	GlobalSection(SolutionConfigurationPlatforms) = preSolution
		Debug|Any CPU = Debug|Any CPU
		Release|Any CPU = Release|Any CPU
	EndGlobalSection
	GlobalSection(ProjectConfigurationPlatforms) = postSolution
		{C345BF99-59C2-49E8-9CE3-545A0DACF318}.Debug|Any CPU.ActiveCfg = Debug|Any CPU
		{C345BF99-59C2-49E8-9CE3-545A0DACF318}.Debug|Any CPU.Build.0 = Debug|Any CPU
		{C345BF99-59C2-49E8-9CE3-545A0DACF318}.Release|Any CPU.ActiveCfg = Release|Any CPU
		{C345BF99-59C2-49E8-9CE3-545A0DACF318}.Release|Any CPU.Build.0 = Release|Any CPU
	EndGlobalSection
EndGlobal
